
Microsoft Visual Studio Solution File, Format Version 12.00
# Visual Studio 15
Project("{FAE04EC0-301F-11D3-BF4B-00C04F79EFBC}") = "NewsVR", "Assembly-CSharp.csproj", "{C875EAC9-40E8-DEF6-7F02-C3B3364C0EA9}"
EndProject
Project("{FAE04EC0-301F-11D3-BF4B-00C04F79EFBC}") = "NewsVR", "Assembly-CSharp-firstpass.csproj", "{5798C1F1-F20E-67EE-3A73-23F5BB9F8C6F}"
EndProject
Project("{FAE04EC0-301F-11D3-BF4B-00C04F79EFBC}") = "NewsVR", "Assembly-CSharp-Editor.csproj", "{8E9F9D47-F991-4182-B2C1-0137ACEC73EB}"
EndProject
Project("{FAE04EC0-301F-11D3-BF4B-00C04F79EFBC}") = "NewsVR", "Assembly-CSharp-Editor-firstpass.csproj", "{8B4E592A-1841-D245-6A23-437E91E99609}"
EndProject
Global
	GlobalSection(SolutionConfigurationPlatforms) = preSolution
		Debug|Any CPU = Debug|Any CPU
		Release|Any CPU = Release|Any CPU
	EndGlobalSection
	GlobalSection(ProjectConfigurationPlatforms) = postSolution
		{C875EAC9-40E8-DEF6-7F02-C3B3364C0EA9}.Debug|Any CPU.ActiveCfg = Debug|Any CPU
		{C875EAC9-40E8-DEF6-7F02-C3B3364C0EA9}.Debug|Any CPU.Build.0 = Debug|Any CPU
		{C875EAC9-40E8-DEF6-7F02-C3B3364C0EA9}.Release|Any CPU.ActiveCfg = Release|Any CPU
		{C875EAC9-40E8-DEF6-7F02-C3B3364C0EA9}.Release|Any CPU.Build.0 = Release|Any CPU
		{5798C1F1-F20E-67EE-3A73-23F5BB9F8C6F}.Debug|Any CPU.ActiveCfg = Debug|Any CPU
		{5798C1F1-F20E-67EE-3A73-23F5BB9F8C6F}.Debug|Any CPU.Build.0 = Debug|Any CPU
		{5798C1F1-F20E-67EE-3A73-23F5BB9F8C6F}.Release|Any CPU.ActiveCfg = Release|Any CPU
		{5798C1F1-F20E-67EE-3A73-23F5BB9F8C6F}.Release|Any CPU.Build.0 = Release|Any CPU
		{8E9F9D47-F991-4182-B2C1-0137ACEC73EB}.Debug|Any CPU.ActiveCfg = Debug|Any CPU
		{8E9F9D47-F991-4182-B2C1-0137ACEC73EB}.Debug|Any CPU.Build.0 = Debug|Any CPU
		{8E9F9D47-F991-4182-B2C1-0137ACEC73EB}.Release|Any CPU.ActiveCfg = Release|Any CPU
		{8E9F9D47-F991-4182-B2C1-0137ACEC73EB}.Release|Any CPU.Build.0 = Release|Any CPU
		{8B4E592A-1841-D245-6A23-437E91E99609}.Debug|Any CPU.ActiveCfg = Debug|Any CPU
		{8B4E592A-1841-D245-6A23-437E91E99609}.Debug|Any CPU.Build.0 = Debug|Any CPU
		{8B4E592A-1841-D245-6A23-437E91E99609}.Release|Any CPU.ActiveCfg = Release|Any CPU
		{8B4E592A-1841-D245-6A23-437E91E99609}.Release|Any CPU.Build.0 = Release|Any CPU
	EndGlobalSection
	GlobalSection(SolutionProperties) = preSolution
		HideSolutionNode = FALSE
	EndGlobalSection
EndGlobal
